
Microsoft Visual Studio Solution File, Format Version 12.00
# Visual Studio Version 16
VisualStudioVersion = 16.0.31112.23
MinimumVisualStudioVersion = 10.0.40219.1
Project("{FAE04EC0-301F-11D3-BF4B-00C04F79EFBC}") = "BlackJack", "BlackJack\BlackJack.csproj", "{16D07F7D-402E-4DBA-9BD4-558173A5D000}"
EndProject
Global
	GlobalSection(SolutionConfigurationPlatforms) = preSolution
		Debug|Any CPU = Debug|Any CPU
		Release|Any CPU = Release|Any CPU
	EndGlobalSection
	GlobalSection(ProjectConfigurationPlatforms) = postSolution
		{16D07F7D-402E-4DBA-9BD4-558173A5D000}.Debug|Any CPU.ActiveCfg = Debug|Any CPU
		{16D07F7D-402E-4DBA-9BD4-558173A5D000}.Debug|Any CPU.Build.0 = Debug|Any CPU
		{16D07F7D-402E-4DBA-9BD4-558173A5D000}.Release|Any CPU.ActiveCfg = Release|Any CPU
		{16D07F7D-402E-4DBA-9BD4-558173A5D000}.Release|Any CPU.Build.0 = Release|Any CPU
	EndGlobalSection
	GlobalSection(SolutionProperties) = preSolution
		HideSolutionNode = FALSE
	EndGlobalSection
	GlobalSection(ExtensibilityGlobals) = postSolution
		SolutionGuid = {F6985B95-93CB-43F9-ADB7-C094CEDD28BC}
	EndGlobalSection
EndGlobal
